
Microsoft Visual Studio Solution File, Format Version 11.00
# Visual Studio 2010
Project("{FAE04EC0-301F-11D3-BF4B-00C04F79EFBC}") = "TimeIsMoney", "TimeIsMoney\TimeIsMoney.csproj", "{DDFC91B6-CBED-466E-9B13-341F84635FD3}"
EndProject
Project("{FAE04EC0-301F-11D3-BF4B-00C04F79EFBC}") = "Tests", "Tests\Tests.csproj", "{1E7AA46C-094B-4256-B582-1077950E51DC}"
EndProject
Project("{FAE04EC0-301F-11D3-BF4B-00C04F79EFBC}") = "ReportModule", "ReportModule\ReportModule.csproj", "{49DECE59-6489-4ADD-8B3D-40770EAA14FA}"
EndProject
Project("{FAE04EC0-301F-11D3-BF4B-00C04F79EFBC}") = "XMLModule", "XMLModule\XMLModule.csproj", "{F7D3C29C-A544-4702-AE86-F7D56487CF6B}"
EndProject
Project("{FAE04EC0-301F-11D3-BF4B-00C04F79EFBC}") = "ActivityTracker", "ActivityTracker\ActivityTracker.csproj", "{4DAC4B44-C80A-4910-9B05-26CC1CF7F65B}"
EndProject
Global
	GlobalSection(SolutionConfigurationPlatforms) = preSolution
		Debug|Any CPU = Debug|Any CPU
		Debug|Mixed Platforms = Debug|Mixed Platforms
		Debug|x86 = Debug|x86
		Release|Any CPU = Release|Any CPU
		Release|Mixed Platforms = Release|Mixed Platforms
		Release|x86 = Release|x86
	EndGlobalSection
	GlobalSection(ProjectConfigurationPlatforms) = postSolution
		{DDFC91B6-CBED-466E-9B13-341F84635FD3}.Debug|Any CPU.ActiveCfg = Debug|x86
		{DDFC91B6-CBED-466E-9B13-341F84635FD3}.Debug|Mixed Platforms.ActiveCfg = Debug|x86
		{DDFC91B6-CBED-466E-9B13-341F84635FD3}.Debug|Mixed Platforms.Build.0 = Debug|x86
		{DDFC91B6-CBED-466E-9B13-341F84635FD3}.Debug|x86.ActiveCfg = Debug|x86
		{DDFC91B6-CBED-466E-9B13-341F84635FD3}.Debug|x86.Build.0 = Debug|x86
		{DDFC91B6-CBED-466E-9B13-341F84635FD3}.Release|Any CPU.ActiveCfg = Release|x86
		{DDFC91B6-CBED-466E-9B13-341F84635FD3}.Release|Mixed Platforms.ActiveCfg = Release|x86
		{DDFC91B6-CBED-466E-9B13-341F84635FD3}.Release|Mixed Platforms.Build.0 = Release|x86
		{DDFC91B6-CBED-466E-9B13-341F84635FD3}.Release|x86.ActiveCfg = Release|x86
		{DDFC91B6-CBED-466E-9B13-341F84635FD3}.Release|x86.Build.0 = Release|x86
		{1E7AA46C-094B-4256-B582-1077950E51DC}.Debug|Any CPU.ActiveCfg = Debug|x86
		{1E7AA46C-094B-4256-B582-1077950E51DC}.Debug|Mixed Platforms.ActiveCfg = Debug|x86
		{1E7AA46C-094B-4256-B582-1077950E51DC}.Debug|Mixed Platforms.Build.0 = Debug|x86
		{1E7AA46C-094B-4256-B582-1077950E51DC}.Debug|x86.ActiveCfg = Debug|x86
		{1E7AA46C-094B-4256-B582-1077950E51DC}.Debug|x86.Build.0 = Debug|x86
		{1E7AA46C-094B-4256-B582-1077950E51DC}.Release|Any CPU.ActiveCfg = Release|x86
		{1E7AA46C-094B-4256-B582-1077950E51DC}.Release|Mixed Platforms.ActiveCfg = Release|x86
		{1E7AA46C-094B-4256-B582-1077950E51DC}.Release|Mixed Platforms.Build.0 = Release|x86
		{1E7AA46C-094B-4256-B582-1077950E51DC}.Release|x86.ActiveCfg = Release|x86
		{1E7AA46C-094B-4256-B582-1077950E51DC}.Release|x86.Build.0 = Release|x86
		{49DECE59-6489-4ADD-8B3D-40770EAA14FA}.Debug|Any CPU.ActiveCfg = Debug|x86
		{49DECE59-6489-4ADD-8B3D-40770EAA14FA}.Debug|Mixed Platforms.ActiveCfg = Debug|x86
		{49DECE59-6489-4ADD-8B3D-40770EAA14FA}.Debug|Mixed Platforms.Build.0 = Debug|x86
		{49DECE59-6489-4ADD-8B3D-40770EAA14FA}.Debug|x86.ActiveCfg = Debug|x86
		{49DECE59-6489-4ADD-8B3D-40770EAA14FA}.Debug|x86.Build.0 = Debug|x86
		{49DECE59-6489-4ADD-8B3D-40770EAA14FA}.Release|Any CPU.ActiveCfg = Release|x86
		{49DECE59-6489-4ADD-8B3D-40770EAA14FA}.Release|Mixed Platforms.ActiveCfg = Release|x86
		{49DECE59-6489-4ADD-8B3D-40770EAA14FA}.Release|Mixed Platforms.Build.0 = Release|x86
		{49DECE59-6489-4ADD-8B3D-40770EAA14FA}.Release|x86.ActiveCfg = Release|x86
		{49DECE59-6489-4ADD-8B3D-40770EAA14FA}.Release|x86.Build.0 = Release|x86
		{F7D3C29C-A544-4702-AE86-F7D56487CF6B}.Debug|Any CPU.ActiveCfg = Debug|x86
		{F7D3C29C-A544-4702-AE86-F7D56487CF6B}.Debug|Mixed Platforms.ActiveCfg = Debug|x86
		{F7D3C29C-A544-4702-AE86-F7D56487CF6B}.Debug|Mixed Platforms.Build.0 = Debug|x86
		{F7D3C29C-A544-4702-AE86-F7D56487CF6B}.Debug|x86.ActiveCfg = Debug|x86
		{F7D3C29C-A544-4702-AE86-F7D56487CF6B}.Debug|x86.Build.0 = Debug|x86
		{F7D3C29C-A544-4702-AE86-F7D56487CF6B}.Release|Any CPU.ActiveCfg = Release|x86
		{F7D3C29C-A544-4702-AE86-F7D56487CF6B}.Release|Mixed Platforms.ActiveCfg = Release|x86
		{F7D3C29C-A544-4702-AE86-F7D56487CF6B}.Release|Mixed Platforms.Build.0 = Release|x86
		{F7D3C29C-A544-4702-AE86-F7D56487CF6B}.Release|x86.ActiveCfg = Release|x86
		{F7D3C29C-A544-4702-AE86-F7D56487CF6B}.Release|x86.Build.0 = Release|x86
		{4DAC4B44-C80A-4910-9B05-26CC1CF7F65B}.Debug|Any CPU.ActiveCfg = Debug|x86
		{4DAC4B44-C80A-4910-9B05-26CC1CF7F65B}.Debug|Mixed Platforms.ActiveCfg = Debug|x86
		{4DAC4B44-C80A-4910-9B05-26CC1CF7F65B}.Debug|Mixed Platforms.Build.0 = Debug|x86
		{4DAC4B44-C80A-4910-9B05-26CC1CF7F65B}.Debug|x86.ActiveCfg = Debug|x86
		{4DAC4B44-C80A-4910-9B05-26CC1CF7F65B}.Debug|x86.Build.0 = Debug|x86
		{4DAC4B44-C80A-4910-9B05-26CC1CF7F65B}.Release|Any CPU.ActiveCfg = Release|x86
		{4DAC4B44-C80A-4910-9B05-26CC1CF7F65B}.Release|Mixed Platforms.ActiveCfg = Release|x86
		{4DAC4B44-C80A-4910-9B05-26CC1CF7F65B}.Release|Mixed Platforms.Build.0 = Release|x86
		{4DAC4B44-C80A-4910-9B05-26CC1CF7F65B}.Release|x86.ActiveCfg = Release|x86
		{4DAC4B44-C80A-4910-9B05-26CC1CF7F65B}.Release|x86.Build.0 = Release|x86
	EndGlobalSection
	GlobalSection(SolutionProperties) = preSolution
		HideSolutionNode = FALSE
	EndGlobalSection
EndGlobal
